
Microsoft Visual Studio Solution File, Format Version 11.00
# Visual C++ Express 2010
Project("{8BC9CEB8-8B4A-11D0-8D11-00A0C91BC942}") = "GalactiCombat", "GalactiCombat.vcxproj", "{55F3DF35-77ED-238E-B214-4A512FA0AD0F}"
EndProject
Project("{8BC9CEB8-8B4A-11D0-8D11-00A0C91BC942}") = "GalactiCombatServer", "GameServer\GalactiCombatServer.vcxproj", "{BAF33C90-3FF2-7656-665E-87CEF30EF1F7}"
EndProject
Global
	GlobalSection(SolutionConfigurationPlatforms) = preSolution
		Debug|Win32 = Debug|Win32
		Release|Win32 = Release|Win32
	EndGlobalSection
	GlobalSection(ProjectConfigurationPlatforms) = postSolution
		{55F3DF35-77ED-238E-B214-4A512FA0AD0F}.Debug|Win32.ActiveCfg = Debug|Win32
		{55F3DF35-77ED-238E-B214-4A512FA0AD0F}.Debug|Win32.Build.0 = Debug|Win32
		{55F3DF35-77ED-238E-B214-4A512FA0AD0F}.Release|Win32.ActiveCfg = Release|Win32
		{55F3DF35-77ED-238E-B214-4A512FA0AD0F}.Release|Win32.Build.0 = Release|Win32
		{BAF33C90-3FF2-7656-665E-87CEF30EF1F7}.Debug|Win32.ActiveCfg = Debug|Win32
		{BAF33C90-3FF2-7656-665E-87CEF30EF1F7}.Debug|Win32.Build.0 = Debug|Win32
		{BAF33C90-3FF2-7656-665E-87CEF30EF1F7}.Release|Win32.ActiveCfg = Release|Win32
		{BAF33C90-3FF2-7656-665E-87CEF30EF1F7}.Release|Win32.Build.0 = Release|Win32
	EndGlobalSection
	GlobalSection(SolutionProperties) = preSolution
		HideSolutionNode = FALSE
	EndGlobalSection
EndGlobal
